{
  "name": "checklist-typescript",
  "version": "0.1.0",
  "lockfileVersion": 1,
  "requires": true,
  "dependencies": {
    "@types/expect": {
      "version": "1.20.2",
      "resolved": "https://registry.npmjs.org/@types/expect/-/expect-1.20.2.tgz",
      "integrity": "sha512-8/obPcQ6wMp+fHHFRDf03KBVK6UxBs1bOBHyim6c9+WOlqK4kOFkjd6PD2koEjbSKBYI9JiCpyPUM2FTCCizWg=="
    }
  }
}
